// !$*UTF8*$!
{
	archiveVersion = 1;
	classes = {
	};
	objectVersion = 52;
	objects = {

/* Begin PBXBuildFile section */
		037749D324B12B8E00D3C28C /* CharacterList.swift in Sources */ = {isa = PBXBuildFile; fileRef = 037749D224B12B8E00D3C28C /* CharacterList.swift */; };
		037749D524B12C0700D3C28C /* CharacterCard.swift in Sources */ = {isa = PBXBuildFile; fileRef = 037749D424B12C0700D3C28C /* CharacterCard.swift */; };
		037F88BE24B001DC00E44C3A /* Game.swift in Sources */ = {isa = PBXBuildFile; fileRef = 037F88BD24B001DC00E44C3A /* Game.swift */; };
		038249E6247CCD970028FE48 /* FieldView.swift in Sources */ = {isa = PBXBuildFile; fileRef = 038249E5247CCD970028FE48 /* FieldView.swift */; };
		0386275D23FD19110054598F /* WatchLoops WatchKit App.app in Embed Watch Content */ = {isa = PBXBuildFile; fileRef = 0386275C23FD19110054598F /* WatchLoops WatchKit App.app */; settings = {ATTRIBUTES = (RemoveHeadersOnCopy, ); }; };
		0386276323FD19110054598F /* Interface.storyboard in Resources */ = {isa = PBXBuildFile; fileRef = 0386276123FD19110054598F /* Interface.storyboard */; };
		0386276523FD19110054598F /* Assets.xcassets in Resources */ = {isa = PBXBuildFile; fileRef = 0386276423FD19110054598F /* Assets.xcassets */; };
		0386276C23FD19110054598F /* WatchLoops WatchKit Extension.appex in Embed App Extensions */ = {isa = PBXBuildFile; fileRef = 0386276B23FD19110054598F /* WatchLoops WatchKit Extension.appex */; settings = {ATTRIBUTES = (RemoveHeadersOnCopy, ); }; };
		0386277123FD19110054598F /* ContentView.swift in Sources */ = {isa = PBXBuildFile; fileRef = 0386277023FD19110054598F /* ContentView.swift */; };
		0386277323FD19110054598F /* HostingController.swift in Sources */ = {isa = PBXBuildFile; fileRef = 0386277223FD19110054598F /* HostingController.swift */; };
		0386277523FD19110054598F /* ExtensionDelegate.swift in Sources */ = {isa = PBXBuildFile; fileRef = 0386277423FD19110054598F /* ExtensionDelegate.swift */; };
		0386277723FD19110054598F /* NotificationController.swift in Sources */ = {isa = PBXBuildFile; fileRef = 0386277623FD19110054598F /* NotificationController.swift */; };
		0386277923FD19110054598F /* NotificationView.swift in Sources */ = {isa = PBXBuildFile; fileRef = 0386277823FD19110054598F /* NotificationView.swift */; };
		0386277B23FD19110054598F /* ComplicationController.swift in Sources */ = {isa = PBXBuildFile; fileRef = 0386277A23FD19110054598F /* ComplicationController.swift */; };
		0386277D23FD19120054598F /* Assets.xcassets in Resources */ = {isa = PBXBuildFile; fileRef = 0386277C23FD19120054598F /* Assets.xcassets */; };
		0386278023FD19120054598F /* Preview Assets.xcassets in Resources */ = {isa = PBXBuildFile; fileRef = 0386277F23FD19120054598F /* Preview Assets.xcassets */; };
		0386279323FD19B40054598F /* MoveView.swift in Sources */ = {isa = PBXBuildFile; fileRef = 0386279223FD19B40054598F /* MoveView.swift */; };
		0386279823FD1C920054598F /* Move.swift in Sources */ = {isa = PBXBuildFile; fileRef = 0386279723FD1C920054598F /* Move.swift */; };
		0386279A23FD1C9C0054598F /* Character.swift in Sources */ = {isa = PBXBuildFile; fileRef = 0386279923FD1C9C0054598F /* Character.swift */; };
		038C156524EDAD9D00E540E7 /* GameList.swift in Sources */ = {isa = PBXBuildFile; fileRef = 038C156424EDAD9D00E540E7 /* GameList.swift */; };
		038D6140247F6C0900ACFD5A /* JSON.swift in Sources */ = {isa = PBXBuildFile; fileRef = 038D613F247F6C0900ACFD5A /* JSON.swift */; };
		038D6143247F6D0600ACFD5A /* Sample.swift in Sources */ = {isa = PBXBuildFile; fileRef = 038D6142247F6D0600ACFD5A /* Sample.swift */; };
		038D6145247F6D5A00ACFD5A /* Sample.json in Resources */ = {isa = PBXBuildFile; fileRef = 038D6144247F6D5A00ACFD5A /* Sample.json */; };
		03921E64245F3AE600651A5C /* MoveList.swift in Sources */ = {isa = PBXBuildFile; fileRef = 03921E63245F3AE600651A5C /* MoveList.swift */; };
		03CD92F425427BBF0005D144 /* URLImage in Frameworks */ = {isa = PBXBuildFile; productRef = 03CD92F325427BBF0005D144 /* URLImage */; };
		03E2021524A80B7E000B1E29 /* MoveCard.swift in Sources */ = {isa = PBXBuildFile; fileRef = 03E2021424A80B7E000B1E29 /* MoveCard.swift */; };
		03E2021724A83A1E000B1E29 /* AttributesView.swift in Sources */ = {isa = PBXBuildFile; fileRef = 03E2021624A83A1E000B1E29 /* AttributesView.swift */; };
		03E2021924A83D21000B1E29 /* ImagesView.swift in Sources */ = {isa = PBXBuildFile; fileRef = 03E2021824A83D21000B1E29 /* ImagesView.swift */; };
/* End PBXBuildFile section */

/* Begin PBXContainerItemProxy section */
		0386275E23FD19110054598F /* PBXContainerItemProxy */ = {
			isa = PBXContainerItemProxy;
			containerPortal = 0386275223FD19100054598F /* Project object */;
			proxyType = 1;
			remoteGlobalIDString = 0386275B23FD19110054598F;
			remoteInfo = "WatchLoops WatchKit App";
		};
		0386276D23FD19110054598F /* PBXContainerItemProxy */ = {
			isa = PBXContainerItemProxy;
			containerPortal = 0386275223FD19100054598F /* Project object */;
			proxyType = 1;
			remoteGlobalIDString = 0386276A23FD19110054598F;
			remoteInfo = "WatchLoops WatchKit Extension";
		};
/* End PBXContainerItemProxy section */

/* Begin PBXCopyFilesBuildPhase section */
		0386278823FD19120054598F /* Embed App Extensions */ = {
			isa = PBXCopyFilesBuildPhase;
			buildActionMask = 2147483647;
			dstPath = "";
			dstSubfolderSpec = 13;
			files = (
				0386276C23FD19110054598F /* WatchLoops WatchKit Extension.appex in Embed App Extensions */,
			);
			name = "Embed App Extensions";
			runOnlyForDeploymentPostprocessing = 0;
		};
		0386278C23FD19120054598F /* Embed Watch Content */ = {
			isa = PBXCopyFilesBuildPhase;
			buildActionMask = 2147483647;
			dstPath = "$(CONTENTS_FOLDER_PATH)/Watch";
			dstSubfolderSpec = 16;
			files = (
				0386275D23FD19110054598F /* WatchLoops WatchKit App.app in Embed Watch Content */,
			);
			name = "Embed Watch Content";
			runOnlyForDeploymentPostprocessing = 0;
		};
/* End PBXCopyFilesBuildPhase section */

/* Begin PBXFileReference section */
		037749D224B12B8E00D3C28C /* CharacterList.swift */ = {isa = PBXFileReference; lastKnownFileType = sourcecode.swift; path = CharacterList.swift; sourceTree = "<group>"; };
		037749D424B12C0700D3C28C /* CharacterCard.swift */ = {isa = PBXFileReference; lastKnownFileType = sourcecode.swift; path = CharacterCard.swift; sourceTree = "<group>"; };
		037F88BD24B001DC00E44C3A /* Game.swift */ = {isa = PBXFileReference; lastKnownFileType = sourcecode.swift; path = Game.swift; sourceTree = "<group>"; };
		038249E5247CCD970028FE48 /* FieldView.swift */ = {isa = PBXFileReference; lastKnownFileType = sourcecode.swift; path = FieldView.swift; sourceTree = "<group>"; };
		0386275823FD19100054598F /* WatchLoops.app */ = {isa = PBXFileReference; explicitFileType = wrapper.application; includeInIndex = 0; path = WatchLoops.app; sourceTree = BUILT_PRODUCTS_DIR; };
		0386275C23FD19110054598F /* WatchLoops WatchKit App.app */ = {isa = PBXFileReference; explicitFileType = wrapper.application; includeInIndex = 0; path = "WatchLoops WatchKit App.app"; sourceTree = BUILT_PRODUCTS_DIR; };
		0386276223FD19110054598F /* Base */ = {isa = PBXFileReference; lastKnownFileType = file.storyboard; name = Base; path = Base.lproj/Interface.storyboard; sourceTree = "<group>"; };
		0386276423FD19110054598F /* Assets.xcassets */ = {isa = PBXFileReference; lastKnownFileType = folder.assetcatalog; path = Assets.xcassets; sourceTree = "<group>"; };
		0386276623FD19110054598F /* Info.plist */ = {isa = PBXFileReference; lastKnownFileType = text.plist.xml; path = Info.plist; sourceTree = "<group>"; };
		0386276B23FD19110054598F /* WatchLoops WatchKit Extension.appex */ = {isa = PBXFileReference; explicitFileType = "wrapper.app-extension"; includeInIndex = 0; path = "WatchLoops WatchKit Extension.appex"; sourceTree = BUILT_PRODUCTS_DIR; };
		0386277023FD19110054598F /* ContentView.swift */ = {isa = PBXFileReference; lastKnownFileType = sourcecode.swift; path = ContentView.swift; sourceTree = "<group>"; };
		0386277223FD19110054598F /* HostingController.swift */ = {isa = PBXFileReference; lastKnownFileType = sourcecode.swift; path = HostingController.swift; sourceTree = "<group>"; };
		0386277423FD19110054598F /* ExtensionDelegate.swift */ = {isa = PBXFileReference; lastKnownFileType = sourcecode.swift; path = ExtensionDelegate.swift; sourceTree = "<group>"; };
		0386277623FD19110054598F /* NotificationController.swift */ = {isa = PBXFileReference; lastKnownFileType = sourcecode.swift; path = NotificationController.swift; sourceTree = "<group>"; };
		0386277823FD19110054598F /* NotificationView.swift */ = {isa = PBXFileReference; lastKnownFileType = sourcecode.swift; path = NotificationView.swift; sourceTree = "<group>"; };
		0386277A23FD19110054598F /* ComplicationController.swift */ = {isa = PBXFileReference; lastKnownFileType = sourcecode.swift; path = ComplicationController.swift; sourceTree = "<group>"; };
		0386277C23FD19120054598F /* Assets.xcassets */ = {isa = PBXFileReference; lastKnownFileType = folder.assetcatalog; path = Assets.xcassets; sourceTree = "<group>"; };
		0386277F23FD19120054598F /* Preview Assets.xcassets */ = {isa = PBXFileReference; lastKnownFileType = folder.assetcatalog; path = "Preview Assets.xcassets"; sourceTree = "<group>"; };
		0386278123FD19120054598F /* Info.plist */ = {isa = PBXFileReference; lastKnownFileType = text.plist.xml; path = Info.plist; sourceTree = "<group>"; };
		0386278223FD19120054598F /* PushNotificationPayload.apns */ = {isa = PBXFileReference; lastKnownFileType = text; path = PushNotificationPayload.apns; sourceTree = "<group>"; };
		0386279223FD19B40054598F /* MoveView.swift */ = {isa = PBXFileReference; lastKnownFileType = sourcecode.swift; path = MoveView.swift; sourceTree = "<group>"; };
		0386279723FD1C920054598F /* Move.swift */ = {isa = PBXFileReference; lastKnownFileType = sourcecode.swift; path = Move.swift; sourceTree = "<group>"; };
		0386279923FD1C9C0054598F /* Character.swift */ = {isa = PBXFileReference; lastKnownFileType = sourcecode.swift; path = Character.swift; sourceTree = "<group>"; };
		038C156424EDAD9D00E540E7 /* GameList.swift */ = {isa = PBXFileReference; lastKnownFileType = sourcecode.swift; path = GameList.swift; sourceTree = "<group>"; };
		038D613F247F6C0900ACFD5A /* JSON.swift */ = {isa = PBXFileReference; lastKnownFileType = sourcecode.swift; path = JSON.swift; sourceTree = "<group>"; };
		038D6142247F6D0600ACFD5A /* Sample.swift */ = {isa = PBXFileReference; lastKnownFileType = sourcecode.swift; path = Sample.swift; sourceTree = "<group>"; };
		038D6144247F6D5A00ACFD5A /* Sample.json */ = {isa = PBXFileReference; lastKnownFileType = text.json; path = Sample.json; sourceTree = "<group>"; };
		03921E63245F3AE600651A5C /* MoveList.swift */ = {isa = PBXFileReference; lastKnownFileType = sourcecode.swift; path = MoveList.swift; sourceTree = "<group>"; };
		03E2021424A80B7E000B1E29 /* MoveCard.swift */ = {isa = PBXFileReference; lastKnownFileType = sourcecode.swift; path = MoveCard.swift; sourceTree = "<group>"; };
		03E2021624A83A1E000B1E29 /* AttributesView.swift */ = {isa = PBXFileReference; lastKnownFileType = sourcecode.swift; path = AttributesView.swift; sourceTree = "<group>"; };
		03E2021824A83D21000B1E29 /* ImagesView.swift */ = {isa = PBXFileReference; lastKnownFileType = sourcecode.swift; path = ImagesView.swift; sourceTree = "<group>"; };
/* End PBXFileReference section */

/* Begin PBXFrameworksBuildPhase section */
		0386276823FD19110054598F /* Frameworks */ = {
			isa = PBXFrameworksBuildPhase;
			buildActionMask = 2147483647;
			files = (
				03CD92F425427BBF0005D144 /* URLImage in Frameworks */,
			);
			runOnlyForDeploymentPostprocessing = 0;
		};
		2006153D40F3F26C375F7E53 /* Frameworks */ = {
			isa = PBXFrameworksBuildPhase;
			buildActionMask = 2147483647;
			files = (
			);
			runOnlyForDeploymentPostprocessing = 0;
		};
		3E10D8C781543BE4A51C1AE2 /* Frameworks */ = {
			isa = PBXFrameworksBuildPhase;
			buildActionMask = 2147483647;
			files = (
			);
			runOnlyForDeploymentPostprocessing = 0;
		};
/* End PBXFrameworksBuildPhase section */

/* Begin PBXGroup section */
		0386275123FD19100054598F = {
			isa = PBXGroup;
			children = (
				0386276023FD19110054598F /* WatchLoops WatchKit App */,
				0386276F23FD19110054598F /* WatchLoops WatchKit Extension */,
			);
			sourceTree = "<group>";
		};
		0386275923FD19100054598F /* Products */ = {
			isa = PBXGroup;
			children = (
				0386275823FD19100054598F /* WatchLoops.app */,
				0386275C23FD19110054598F /* WatchLoops WatchKit App.app */,
				0386276B23FD19110054598F /* WatchLoops WatchKit Extension.appex */,
			);
			name = Products;
			path = ..;
			sourceTree = "<group>";
		};
		0386276023FD19110054598F /* WatchLoops WatchKit App */ = {
			isa = PBXGroup;
			children = (
				0386276123FD19110054598F /* Interface.storyboard */,
				0386276423FD19110054598F /* Assets.xcassets */,
				0386276623FD19110054598F /* Info.plist */,
			);
			path = "WatchLoops WatchKit App";
			sourceTree = "<group>";
		};
		0386276F23FD19110054598F /* WatchLoops WatchKit Extension */ = {
			isa = PBXGroup;
			children = (
				038D6141247F6CF700ACFD5A /* Sample */,
				0386279D23FD1CAA0054598F /* Model */,
				0386279423FD1A090054598F /* Supporting Views */,
				0386277023FD19110054598F /* ContentView.swift */,
				0386277223FD19110054598F /* HostingController.swift */,
				0386277423FD19110054598F /* ExtensionDelegate.swift */,
				0386277623FD19110054598F /* NotificationController.swift */,
				0386277823FD19110054598F /* NotificationView.swift */,
				0386277A23FD19110054598F /* ComplicationController.swift */,
				0386277C23FD19120054598F /* Assets.xcassets */,
				0386278123FD19120054598F /* Info.plist */,
				0386278223FD19120054598F /* PushNotificationPayload.apns */,
				0386275923FD19100054598F /* Products */,
				0386277E23FD19120054598F /* Preview Content */,
			);
			path = "WatchLoops WatchKit Extension";
			sourceTree = "<group>";
		};
		0386277E23FD19120054598F /* Preview Content */ = {
			isa = PBXGroup;
			children = (
				0386277F23FD19120054598F /* Preview Assets.xcassets */,
			);
			path = "Preview Content";
			sourceTree = "<group>";
		};
		0386279423FD1A090054598F /* Supporting Views */ = {
			isa = PBXGroup;
			children = (
				03E2021624A83A1E000B1E29 /* AttributesView.swift */,
				037749D424B12C0700D3C28C /* CharacterCard.swift */,
				037749D224B12B8E00D3C28C /* CharacterList.swift */,
				038C156424EDAD9D00E540E7 /* GameList.swift */,
				03E2021424A80B7E000B1E29 /* MoveCard.swift */,
				03921E63245F3AE600651A5C /* MoveList.swift */,
				0386279223FD19B40054598F /* MoveView.swift */,
				038249E5247CCD970028FE48 /* FieldView.swift */,
				03E2021824A83D21000B1E29 /* ImagesView.swift */,
			);
			path = "Supporting Views";
			sourceTree = "<group>";
		};
		0386279D23FD1CAA0054598F /* Model */ = {
			isa = PBXGroup;
			children = (
				0386279723FD1C920054598F /* Move.swift */,
				0386279923FD1C9C0054598F /* Character.swift */,
				038D613F247F6C0900ACFD5A /* JSON.swift */,
				037F88BD24B001DC00E44C3A /* Game.swift */,
			);
			path = Model;
			sourceTree = "<group>";
		};
		038D6141247F6CF700ACFD5A /* Sample */ = {
			isa = PBXGroup;
			children = (
				038D6142247F6D0600ACFD5A /* Sample.swift */,
				038D6144247F6D5A00ACFD5A /* Sample.json */,
			);
			path = Sample;
			sourceTree = "<group>";
		};
/* End PBXGroup section */

/* Begin PBXNativeTarget section */
		0386275723FD19100054598F /* WatchLoops */ = {
			isa = PBXNativeTarget;
			buildConfigurationList = 0386278D23FD19120054598F /* Build configuration list for PBXNativeTarget "WatchLoops" */;
			buildPhases = (
				0386275623FD19100054598F /* Resources */,
				0386278C23FD19120054598F /* Embed Watch Content */,
				2006153D40F3F26C375F7E53 /* Frameworks */,
			);
			buildRules = (
			);
			dependencies = (
				0386275F23FD19110054598F /* PBXTargetDependency */,
			);
			name = WatchLoops;
			productName = WatchLoops;
			productReference = 0386275823FD19100054598F /* WatchLoops.app */;
			productType = "com.apple.product-type.application.watchapp2-container";
		};
		0386275B23FD19110054598F /* WatchLoops WatchKit App */ = {
			isa = PBXNativeTarget;
			buildConfigurationList = 0386278923FD19120054598F /* Build configuration list for PBXNativeTarget "WatchLoops WatchKit App" */;
			buildPhases = (
				0386275A23FD19110054598F /* Resources */,
				0386278823FD19120054598F /* Embed App Extensions */,
				3E10D8C781543BE4A51C1AE2 /* Frameworks */,
			);
			buildRules = (
			);
			dependencies = (
				0386276E23FD19110054598F /* PBXTargetDependency */,
			);
			name = "WatchLoops WatchKit App";
			productName = "WatchLoops WatchKit App";
			productReference = 0386275C23FD19110054598F /* WatchLoops WatchKit App.app */;
			productType = "com.apple.product-type.application.watchapp2";
		};
		0386276A23FD19110054598F /* WatchLoops WatchKit Extension */ = {
			isa = PBXNativeTarget;
			buildConfigurationList = 0386278523FD19120054598F /* Build configuration list for PBXNativeTarget "WatchLoops WatchKit Extension" */;
			buildPhases = (
				0386276723FD19110054598F /* Sources */,
				0386276823FD19110054598F /* Frameworks */,
				0386276923FD19110054598F /* Resources */,
			);
			buildRules = (
			);
			dependencies = (
			);
			name = "WatchLoops WatchKit Extension";
			packageProductDependencies = (
				03CD92F325427BBF0005D144 /* URLImage */,
			);
			productName = "WatchLoops WatchKit Extension";
			productReference = 0386276B23FD19110054598F /* WatchLoops WatchKit Extension.appex */;
			productType = "com.apple.product-type.watchkit2-extension";
		};
/* End PBXNativeTarget section */

/* Begin PBXProject section */
		0386275223FD19100054598F /* Project object */ = {
			isa = PBXProject;
			attributes = {
				LastSwiftUpdateCheck = 1150;
				LastUpgradeCheck = 1220;
				ORGANIZATIONNAME = "Devin Sova";
				TargetAttributes = {
					0386275723FD19100054598F = {
						CreatedOnToolsVersion = 11.3.1;
					};
					0386275B23FD19110054598F = {
						CreatedOnToolsVersion = 11.3.1;
					};
					0386276A23FD19110054598F = {
						CreatedOnToolsVersion = 11.3.1;
					};
				};
			};
			buildConfigurationList = 0386275523FD19100054598F /* Build configuration list for PBXProject "WatchLoops" */;
			compatibilityVersion = "Xcode 9.3";
			developmentRegion = en;
			hasScannedForEncodings = 0;
			knownRegions = (
				en,
				Base,
			);
			mainGroup = 0386275123FD19100054598F;
			packageReferences = (
				03CD92F225427BBF0005D144 /* XCRemoteSwiftPackageReference "url-image" */,
			);
			productRefGroup = 0386275923FD19100054598F /* Products */;
			projectDirPath = "";
			projectRoot = "";
			targets = (
				0386275723FD19100054598F /* WatchLoops */,
				0386275B23FD19110054598F /* WatchLoops WatchKit App */,
				0386276A23FD19110054598F /* WatchLoops WatchKit Extension */,
			);
		};
/* End PBXProject section */

/* Begin PBXResourcesBuildPhase section */
		0386275623FD19100054598F /* Resources */ = {
			isa = PBXResourcesBuildPhase;
			buildActionMask = 2147483647;
			files = (
			);
			runOnlyForDeploymentPostprocessing = 0;
		};
		0386275A23FD19110054598F /* Resources */ = {
			isa = PBXResourcesBuildPhase;
			buildActionMask = 2147483647;
			files = (
				0386276523FD19110054598F /* Assets.xcassets in Resources */,
				0386276323FD19110054598F /* Interface.storyboard in Resources */,
			);
			runOnlyForDeploymentPostprocessing = 0;
		};
		0386276923FD19110054598F /* Resources */ = {
			isa = PBXResourcesBuildPhase;
			buildActionMask = 2147483647;
			files = (
				0386278023FD19120054598F /* Preview Assets.xcassets in Resources */,
				0386277D23FD19120054598F /* Assets.xcassets in Resources */,
				038D6145247F6D5A00ACFD5A /* Sample.json in Resources */,
			);
			runOnlyForDeploymentPostprocessing = 0;
		};
/* End PBXResourcesBuildPhase section */

/* Begin PBXSourcesBuildPhase section */
		0386276723FD19110054598F /* Sources */ = {
			isa = PBXSourcesBuildPhase;
			buildActionMask = 2147483647;
			files = (
				0386279823FD1C920054598F /* Move.swift in Sources */,
				038D6140247F6C0900ACFD5A /* JSON.swift in Sources */,
				0386279A23FD1C9C0054598F /* Character.swift in Sources */,
				0386277323FD19110054598F /* HostingController.swift in Sources */,
				0386277123FD19110054598F /* ContentView.swift in Sources */,
				0386279323FD19B40054598F /* MoveView.swift in Sources */,
				0386277723FD19110054598F /* NotificationController.swift in Sources */,
				038C156524EDAD9D00E540E7 /* GameList.swift in Sources */,
				0386277523FD19110054598F /* ExtensionDelegate.swift in Sources */,
				0386277923FD19110054598F /* NotificationView.swift in Sources */,
				03E2021724A83A1E000B1E29 /* AttributesView.swift in Sources */,
				037749D524B12C0700D3C28C /* CharacterCard.swift in Sources */,
				03E2021524A80B7E000B1E29 /* MoveCard.swift in Sources */,
				0386277B23FD19110054598F /* ComplicationController.swift in Sources */,
				03E2021924A83D21000B1E29 /* ImagesView.swift in Sources */,
				037F88BE24B001DC00E44C3A /* Game.swift in Sources */,
				038D6143247F6D0600ACFD5A /* Sample.swift in Sources */,
				037749D324B12B8E00D3C28C /* CharacterList.swift in Sources */,
				03921E64245F3AE600651A5C /* MoveList.swift in Sources */,
				038249E6247CCD970028FE48 /* FieldView.swift in Sources */,
			);
			runOnlyForDeploymentPostprocessing = 0;
		};
/* End PBXSourcesBuildPhase section */

/* Begin PBXTargetDependency section */
		0386275F23FD19110054598F /* PBXTargetDependency */ = {
			isa = PBXTargetDependency;
			target = 0386275B23FD19110054598F /* WatchLoops WatchKit App */;
			targetProxy = 0386275E23FD19110054598F /* PBXContainerItemProxy */;
		};
		0386276E23FD19110054598F /* PBXTargetDependency */ = {
			isa = PBXTargetDependency;
			target = 0386276A23FD19110054598F /* WatchLoops WatchKit Extension */;
			targetProxy = 0386276D23FD19110054598F /* PBXContainerItemProxy */;
		};
/* End PBXTargetDependency section */

/* Begin PBXVariantGroup section */
		0386276123FD19110054598F /* Interface.storyboard */ = {
			isa = PBXVariantGroup;
			children = (
				0386276223FD19110054598F /* Base */,
			);
			name = Interface.storyboard;
			sourceTree = "<group>";
		};
/* End PBXVariantGroup section */

/* Begin XCBuildConfiguration section */
		0386278323FD19120054598F /* Debug */ = {
			isa = XCBuildConfiguration;
			buildSettings = {
				ALWAYS_SEARCH_USER_PATHS = NO;
				CLANG_ANALYZER_NONNULL = YES_NONAGGRESSIVE;
				CLANG_ANALYZER_NUMBER_OBJECT_CONVERSION = YES;
				CLANG_CXX_LANGUAGE_STANDARD = "compiler-default";
				CLANG_CXX_LIBRARY = "compiler-default";
				CLANG_ENABLE_MODULES = YES;
				CLANG_ENABLE_OBJC_ARC = NO;
				CLANG_ENABLE_OBJC_WEAK = NO;
				CLANG_WARN_BLOCK_CAPTURE_AUTORELEASING = NO;
				CLANG_WARN_BOOL_CONVERSION = NO;
				CLANG_WARN_COMMA = YES;
				CLANG_WARN_CONSTANT_CONVERSION = YES;
				CLANG_WARN_DEPRECATED_OBJC_IMPLEMENTATIONS = NO;
				CLANG_WARN_DIRECT_OBJC_ISA_USAGE = YES;
				CLANG_WARN_DOCUMENTATION_COMMENTS = NO;
				CLANG_WARN_EMPTY_BODY = NO;
				CLANG_WARN_ENUM_CONVERSION = YES;
				CLANG_WARN_INFINITE_RECURSION = YES;
				CLANG_WARN_INT_CONVERSION = YES;
				CLANG_WARN_NON_LITERAL_NULL_CONVERSION = YES;
				CLANG_WARN_OBJC_IMPLICIT_RETAIN_SELF = NO;
				CLANG_WARN_OBJC_LITERAL_CONVERSION = NO;
				CLANG_WARN_OBJC_ROOT_CLASS = YES;
				CLANG_WARN_QUOTED_INCLUDE_IN_FRAMEWORK_HEADER = YES;
				CLANG_WARN_RANGE_LOOP_ANALYSIS = NO;
				CLANG_WARN_STRICT_PROTOTYPES = YES;
				CLANG_WARN_SUSPICIOUS_MOVE = NO;
				CLANG_WARN_UNGUARDED_AVAILABILITY = YES_AGGRESSIVE;
				CLANG_WARN_UNREACHABLE_CODE = YES;
				CLANG_WARN__DUPLICATE_METHOD_MATCH = NO;
				COPY_PHASE_STRIP = NO;
				DEBUG_INFORMATION_FORMAT = "dwarf-with-dsym";
				ENABLE_NS_ASSERTIONS = YES;
				ENABLE_STRICT_OBJC_MSGSEND = NO;
				ENABLE_TESTABILITY = YES;
				GCC_C_LANGUAGE_STANDARD = "compiler-default";
				GCC_DYNAMIC_NO_PIC = NO;
				GCC_NO_COMMON_BLOCKS = NO;
				GCC_OPTIMIZATION_LEVEL = s;
				GCC_PREPROCESSOR_DEFINITIONS = "";
				GCC_WARN_64_TO_32_BIT_CONVERSION = NO;
				GCC_WARN_ABOUT_RETURN_TYPE = YES_ERROR;
				GCC_WARN_UNDECLARED_SELECTOR = NO;
				GCC_WARN_UNINITIALIZED_AUTOS = YES_AGGRESSIVE;
				GCC_WARN_UNUSED_FUNCTION = YES;
				GCC_WARN_UNUSED_VARIABLE = YES;
				IPHONEOS_DEPLOYMENT_TARGET = 14.1;
				MTL_ENABLE_DEBUG_INFO = "";
				MTL_FAST_MATH = "";
				ONLY_ACTIVE_ARCH = YES;
				SDKROOT = iphoneos;
				SWIFT_ACTIVE_COMPILATION_CONDITIONS = "";
				SWIFT_COMPILATION_MODE = singlefile;
				SWIFT_OPTIMIZATION_LEVEL = "-O";
				SWIFT_VERSION = 5.0;
				VALIDATE_PRODUCT = NO;
			};
			name = Debug;
		};
		0386278423FD19120054598F /* Release */ = {
			isa = XCBuildConfiguration;
			buildSettings = {
				ALWAYS_SEARCH_USER_PATHS = NO;
				CLANG_ANALYZER_NONNULL = YES_NONAGGRESSIVE;
				CLANG_ANALYZER_NUMBER_OBJECT_CONVERSION = YES;
				CLANG_CXX_LANGUAGE_STANDARD = "compiler-default";
				CLANG_CXX_LIBRARY = "compiler-default";
				CLANG_ENABLE_MODULES = YES;
				CLANG_ENABLE_OBJC_ARC = NO;
				CLANG_ENABLE_OBJC_WEAK = NO;
				CLANG_WARN_BLOCK_CAPTURE_AUTORELEASING = NO;
				CLANG_WARN_BOOL_CONVERSION = NO;
				CLANG_WARN_COMMA = YES;
				CLANG_WARN_CONSTANT_CONVERSION = YES;
				CLANG_WARN_DEPRECATED_OBJC_IMPLEMENTATIONS = NO;
				CLANG_WARN_DIRECT_OBJC_ISA_USAGE = YES;
				CLANG_WARN_DOCUMENTATION_COMMENTS = NO;
				CLANG_WARN_EMPTY_BODY = NO;
				CLANG_WARN_ENUM_CONVERSION = YES;
				CLANG_WARN_INFINITE_RECURSION = YES;
				CLANG_WARN_INT_CONVERSION = YES;
				CLANG_WARN_NON_LITERAL_NULL_CONVERSION = YES;
				CLANG_WARN_OBJC_IMPLICIT_RETAIN_SELF = NO;
				CLANG_WARN_OBJC_LITERAL_CONVERSION = NO;
				CLANG_WARN_OBJC_ROOT_CLASS = YES;
				CLANG_WARN_QUOTED_INCLUDE_IN_FRAMEWORK_HEADER = YES;
				CLANG_WARN_RANGE_LOOP_ANALYSIS = NO;
				CLANG_WARN_STRICT_PROTOTYPES = YES;
				CLANG_WARN_SUSPICIOUS_MOVE = NO;
				CLANG_WARN_UNGUARDED_AVAILABILITY = YES_AGGRESSIVE;
				CLANG_WARN_UNREACHABLE_CODE = YES;
				CLANG_WARN__DUPLICATE_METHOD_MATCH = NO;
				COPY_PHASE_STRIP = NO;
				DEBUG_INFORMATION_FORMAT = "dwarf-with-dsym";
				ENABLE_NS_ASSERTIONS = YES;
				ENABLE_STRICT_OBJC_MSGSEND = NO;
				GCC_C_LANGUAGE_STANDARD = "compiler-default";
				GCC_NO_COMMON_BLOCKS = NO;
				GCC_WARN_64_TO_32_BIT_CONVERSION = NO;
				GCC_WARN_ABOUT_RETURN_TYPE = YES_ERROR;
				GCC_WARN_UNDECLARED_SELECTOR = NO;
				GCC_WARN_UNINITIALIZED_AUTOS = YES_AGGRESSIVE;
				GCC_WARN_UNUSED_FUNCTION = YES;
				GCC_WARN_UNUSED_VARIABLE = YES;
				IPHONEOS_DEPLOYMENT_TARGET = 14.1;
				MTL_ENABLE_DEBUG_INFO = "";
				MTL_FAST_MATH = "";
				ONLY_ACTIVE_ARCH = NO;
				SDKROOT = iphoneos;
				SWIFT_ACTIVE_COMPILATION_CONDITIONS = "";
				SWIFT_COMPILATION_MODE = wholemodule;
				SWIFT_OPTIMIZATION_LEVEL = "-O";
				SWIFT_VERSION = 5.0;
				VALIDATE_PRODUCT = NO;
			};
			name = Release;
		};
		0386278623FD19120054598F /* Debug */ = {
			isa = XCBuildConfiguration;
			buildSettings = {
				ASSETCATALOG_COMPILER_COMPLICATION_NAME = Complication;
				CLANG_ENABLE_OBJC_WEAK = YES;
				CODE_SIGN_STYLE = Automatic;
				DEVELOPMENT_ASSET_PATHS = "\"WatchLoops WatchKit Extension/Preview Content\"";
				DEVELOPMENT_TEAM = A5WQA479ST;
				ENABLE_PREVIEWS = YES;
				INFOPLIST_FILE = "WatchLoops WatchKit Extension/Info.plist";
				LD_RUNPATH_SEARCH_PATHS = (
					"$(inherited)",
					"@executable_path/Frameworks",
					"@executable_path/../../Frameworks",
				);
				PRODUCT_BUNDLE_IDENTIFIER = "Devin-Sova.WatchLoops.watchkitapp.watchkitextension";
				PRODUCT_NAME = "${TARGET_NAME}";
				SDKROOT = watchos;
				SKIP_INSTALL = YES;
				SWIFT_VERSION = 5.0;
				TARGETED_DEVICE_FAMILY = 4;
				WATCHOS_DEPLOYMENT_TARGET = 7.0;
			};
			name = Debug;
		};
		0386278723FD19120054598F /* Release */ = {
			isa = XCBuildConfiguration;
			buildSettings = {
				ASSETCATALOG_COMPILER_COMPLICATION_NAME = Complication;
				CLANG_ENABLE_OBJC_WEAK = YES;
				CODE_SIGN_STYLE = Automatic;
				DEVELOPMENT_ASSET_PATHS = "\"WatchLoops WatchKit Extension/Preview Content\"";
				DEVELOPMENT_TEAM = A5WQA479ST;
				ENABLE_PREVIEWS = YES;
				INFOPLIST_FILE = "WatchLoops WatchKit Extension/Info.plist";
				LD_RUNPATH_SEARCH_PATHS = (
					"$(inherited)",
					"@executable_path/Frameworks",
					"@executable_path/../../Frameworks",
				);
				PRODUCT_BUNDLE_IDENTIFIER = "Devin-Sova.WatchLoops.watchkitapp.watchkitextension";
				PRODUCT_NAME = "${TARGET_NAME}";
				SDKROOT = watchos;
				SKIP_INSTALL = YES;
				SWIFT_VERSION = 5.0;
				TARGETED_DEVICE_FAMILY = 4;
				WATCHOS_DEPLOYMENT_TARGET = 7.0;
			};
			name = Release;
		};
		0386278A23FD19120054598F /* Debug */ = {
			isa = XCBuildConfiguration;
			buildSettings = {
				ALWAYS_EMBED_SWIFT_STANDARD_LIBRARIES = YES;
				ASSETCATALOG_COMPILER_APPICON_NAME = AppIcon;
				CLANG_ENABLE_OBJC_WEAK = YES;
				CODE_SIGN_STYLE = Automatic;
				DEVELOPMENT_TEAM = A5WQA479ST;
				IBSC_MODULE = WatchLoops_WatchKit_Extension;
				INFOPLIST_FILE = "WatchLoops WatchKit App/Info.plist";
				PRODUCT_BUNDLE_IDENTIFIER = "Devin-Sova.WatchLoops.watchkitapp";
				PRODUCT_NAME = "$(TARGET_NAME)";
				SDKROOT = watchos;
				SKIP_INSTALL = YES;
				SWIFT_VERSION = 5.0;
				TARGETED_DEVICE_FAMILY = 4;
				WATCHOS_DEPLOYMENT_TARGET = 7.0;
			};
			name = Debug;
		};
		0386278B23FD19120054598F /* Release */ = {
			isa = XCBuildConfiguration;
			buildSettings = {
				ALWAYS_EMBED_SWIFT_STANDARD_LIBRARIES = YES;
				ASSETCATALOG_COMPILER_APPICON_NAME = AppIcon;
				CLANG_ENABLE_OBJC_WEAK = YES;
				CODE_SIGN_STYLE = Automatic;
				DEVELOPMENT_TEAM = A5WQA479ST;
				IBSC_MODULE = WatchLoops_WatchKit_Extension;
				INFOPLIST_FILE = "WatchLoops WatchKit App/Info.plist";
				PRODUCT_BUNDLE_IDENTIFIER = "Devin-Sova.WatchLoops.watchkitapp";
				PRODUCT_NAME = "$(TARGET_NAME)";
				SDKROOT = watchos;
				SKIP_INSTALL = YES;
				SWIFT_VERSION = 5.0;
				TARGETED_DEVICE_FAMILY = 4;
				WATCHOS_DEPLOYMENT_TARGET = 7.0;
			};
			name = Release;
		};
		0386278E23FD19120054598F /* Debug */ = {
			isa = XCBuildConfiguration;
			buildSettings = {
				CLANG_ENABLE_OBJC_WEAK = YES;
				CODE_SIGN_STYLE = Automatic;
				CURRENT_PROJECT_VERSION = 1;
				DEVELOPMENT_TEAM = A5WQA479ST;
				MARKETING_VERSION = 1.0;
				PRODUCT_BUNDLE_IDENTIFIER = "Devin-Sova.WatchLoops";
				PRODUCT_NAME = "$(TARGET_NAME)";
				SWIFT_VERSION = 5.0;
			};
			name = Debug;
		};
		0386278F23FD19120054598F /* Release */ = {
			isa = XCBuildConfiguration;
			buildSettings = {
				CLANG_ENABLE_OBJC_WEAK = YES;
				CODE_SIGN_STYLE = Automatic;
				CURRENT_PROJECT_VERSION = 1;
				DEVELOPMENT_TEAM = A5WQA479ST;
				MARKETING_VERSION = 1.0;
				PRODUCT_BUNDLE_IDENTIFIER = "Devin-Sova.WatchLoops";
				PRODUCT_NAME = "$(TARGET_NAME)";
				SWIFT_VERSION = 5.0;
			};
			name = Release;
		};
/* End XCBuildConfiguration section */

/* Begin XCConfigurationList section */
		0386275523FD19100054598F /* Build configuration list for PBXProject "WatchLoops" */ = {
			isa = XCConfigurationList;
			buildConfigurations = (
				0386278323FD19120054598F /* Debug */,
				0386278423FD19120054598F /* Release */,
			);
			defaultConfigurationIsVisible = 0;
			defaultConfigurationName = Release;
		};
		0386278523FD19120054598F /* Build configuration list for PBXNativeTarget "WatchLoops WatchKit Extension" */ = {
			isa = XCConfigurationList;
			buildConfigurations = (
				0386278623FD19120054598F /* Debug */,
				0386278723FD19120054598F /* Release */,
			);
			defaultConfigurationIsVisible = 0;
			defaultConfigurationName = Release;
		};
		0386278923FD19120054598F /* Build configuration list for PBXNativeTarget "WatchLoops WatchKit App" */ = {
			isa = XCConfigurationList;
			buildConfigurations = (
				0386278A23FD19120054598F /* Debug */,
				0386278B23FD19120054598F /* Release */,
			);
			defaultConfigurationIsVisible = 0;
			defaultConfigurationName = Release;
		};
		0386278D23FD19120054598F /* Build configuration list for PBXNativeTarget "WatchLoops" */ = {
			isa = XCConfigurationList;
			buildConfigurations = (
				0386278E23FD19120054598F /* Debug */,
				0386278F23FD19120054598F /* Release */,
			);
			defaultConfigurationIsVisible = 0;
			defaultConfigurationName = Release;
		};
/* End XCConfigurationList section */

/* Begin XCRemoteSwiftPackageReference section */
		03CD92F225427BBF0005D144 /* XCRemoteSwiftPackageReference "url-image" */ = {
			isa = XCRemoteSwiftPackageReference;
			repositoryURL = "git@github.com:dmytro-anokhin/url-image.git";
			requirement = {
				kind = exactVersion;
				version = 0.9.19;
			};
		};
/* End XCRemoteSwiftPackageReference section */

/* Begin XCSwiftPackageProductDependency section */
		03CD92F325427BBF0005D144 /* URLImage */ = {
			isa = XCSwiftPackageProductDependency;
			package = 03CD92F225427BBF0005D144 /* XCRemoteSwiftPackageReference "url-image" */;
			productName = URLImage;
		};
/* End XCSwiftPackageProductDependency section */
	};
	rootObject = 0386275223FD19100054598F /* Project object */;
}
